
Microsoft Visual Studio Solution File, Format Version 12.00
# Visual Studio Version 16
VisualStudioVersion = 16.0.34031.81
MinimumVisualStudioVersion = 10.0.40219.1
Project("{FAE04EC0-301F-11D3-BF4B-00C04F79EFBC}") = "Study-控件", "Study-控件\Study-控件.csproj", "{F4944463-183F-4432-8E3F-349F5E733D4D}"
EndProject
Global
	GlobalSection(SolutionConfigurationPlatforms) = preSolution
		Debug|Any CPU = Debug|Any CPU
		Release|Any CPU = Release|Any CPU
	EndGlobalSection
	GlobalSection(ProjectConfigurationPlatforms) = postSolution
		{F4944463-183F-4432-8E3F-349F5E733D4D}.Debug|Any CPU.ActiveCfg = Debug|Any CPU
		{F4944463-183F-4432-8E3F-349F5E733D4D}.Debug|Any CPU.Build.0 = Debug|Any CPU
		{F4944463-183F-4432-8E3F-349F5E733D4D}.Release|Any CPU.ActiveCfg = Release|Any CPU
		{F4944463-183F-4432-8E3F-349F5E733D4D}.Release|Any CPU.Build.0 = Release|Any CPU
	EndGlobalSection
	GlobalSection(SolutionProperties) = preSolution
		HideSolutionNode = FALSE
	EndGlobalSection
	GlobalSection(ExtensibilityGlobals) = postSolution
		SolutionGuid = {51A12F2A-C852-497D-B682-6DEF6ECAADA6}
	EndGlobalSection
EndGlobal
